
Microsoft Visual Studio Solution File, Format Version 11.00
# Visual Studio 2010
Project("{FAE04EC0-301F-11D3-BF4B-00C04F79EFBC}") = "ResxToFubuLocalization.Core", "ResxToFubuLocalization.Core\ResxToFubuLocalization.Core.csproj", "{2C245BC2-2FD1-4A2E-8AFF-5D7F62E50D91}"
EndProject
Project("{FAE04EC0-301F-11D3-BF4B-00C04F79EFBC}") = "ResxToFubuLocalization.Program", "ResxToFubuLocalization.Program\ResxToFubuLocalization.Program.csproj", "{A7FABC60-B8F7-4A8B-80AD-58D8B11B7E43}"
EndProject
Project("{FAE04EC0-301F-11D3-BF4B-00C04F79EFBC}") = "ResxToFubuLocalization.Core.Test", "ResxToFubuLocalization.Core.Test\ResxToFubuLocalization.Core.Test.csproj", "{FF6B22E1-30CA-433E-8877-3A7999BBD4E9}"
EndProject
Global
	GlobalSection(SolutionConfigurationPlatforms) = preSolution
		Debug|Any CPU = Debug|Any CPU
		Debug|Mixed Platforms = Debug|Mixed Platforms
		Debug|x86 = Debug|x86
		Release|Any CPU = Release|Any CPU
		Release|Mixed Platforms = Release|Mixed Platforms
		Release|x86 = Release|x86
	EndGlobalSection
	GlobalSection(ProjectConfigurationPlatforms) = postSolution
		{2C245BC2-2FD1-4A2E-8AFF-5D7F62E50D91}.Debug|Any CPU.ActiveCfg = Debug|Any CPU
		{2C245BC2-2FD1-4A2E-8AFF-5D7F62E50D91}.Debug|Any CPU.Build.0 = Debug|Any CPU
		{2C245BC2-2FD1-4A2E-8AFF-5D7F62E50D91}.Debug|Mixed Platforms.ActiveCfg = Debug|Any CPU
		{2C245BC2-2FD1-4A2E-8AFF-5D7F62E50D91}.Debug|Mixed Platforms.Build.0 = Debug|Any CPU
		{2C245BC2-2FD1-4A2E-8AFF-5D7F62E50D91}.Debug|x86.ActiveCfg = Debug|Any CPU
		{2C245BC2-2FD1-4A2E-8AFF-5D7F62E50D91}.Release|Any CPU.ActiveCfg = Release|Any CPU
		{2C245BC2-2FD1-4A2E-8AFF-5D7F62E50D91}.Release|Any CPU.Build.0 = Release|Any CPU
		{2C245BC2-2FD1-4A2E-8AFF-5D7F62E50D91}.Release|Mixed Platforms.ActiveCfg = Release|Any CPU
		{2C245BC2-2FD1-4A2E-8AFF-5D7F62E50D91}.Release|Mixed Platforms.Build.0 = Release|Any CPU
		{2C245BC2-2FD1-4A2E-8AFF-5D7F62E50D91}.Release|x86.ActiveCfg = Release|Any CPU
		{A7FABC60-B8F7-4A8B-80AD-58D8B11B7E43}.Debug|Any CPU.ActiveCfg = Debug|x86
		{A7FABC60-B8F7-4A8B-80AD-58D8B11B7E43}.Debug|Mixed Platforms.ActiveCfg = Debug|x86
		{A7FABC60-B8F7-4A8B-80AD-58D8B11B7E43}.Debug|Mixed Platforms.Build.0 = Debug|x86
		{A7FABC60-B8F7-4A8B-80AD-58D8B11B7E43}.Debug|x86.ActiveCfg = Debug|x86
		{A7FABC60-B8F7-4A8B-80AD-58D8B11B7E43}.Debug|x86.Build.0 = Debug|x86
		{A7FABC60-B8F7-4A8B-80AD-58D8B11B7E43}.Release|Any CPU.ActiveCfg = Release|x86
		{A7FABC60-B8F7-4A8B-80AD-58D8B11B7E43}.Release|Mixed Platforms.ActiveCfg = Release|x86
		{A7FABC60-B8F7-4A8B-80AD-58D8B11B7E43}.Release|Mixed Platforms.Build.0 = Release|x86
		{A7FABC60-B8F7-4A8B-80AD-58D8B11B7E43}.Release|x86.ActiveCfg = Release|x86
		{A7FABC60-B8F7-4A8B-80AD-58D8B11B7E43}.Release|x86.Build.0 = Release|x86
		{FF6B22E1-30CA-433E-8877-3A7999BBD4E9}.Debug|Any CPU.ActiveCfg = Debug|Any CPU
		{FF6B22E1-30CA-433E-8877-3A7999BBD4E9}.Debug|Any CPU.Build.0 = Debug|Any CPU
		{FF6B22E1-30CA-433E-8877-3A7999BBD4E9}.Debug|Mixed Platforms.ActiveCfg = Debug|Any CPU
		{FF6B22E1-30CA-433E-8877-3A7999BBD4E9}.Debug|Mixed Platforms.Build.0 = Debug|Any CPU
		{FF6B22E1-30CA-433E-8877-3A7999BBD4E9}.Debug|x86.ActiveCfg = Debug|Any CPU
		{FF6B22E1-30CA-433E-8877-3A7999BBD4E9}.Release|Any CPU.ActiveCfg = Release|Any CPU
		{FF6B22E1-30CA-433E-8877-3A7999BBD4E9}.Release|Any CPU.Build.0 = Release|Any CPU
		{FF6B22E1-30CA-433E-8877-3A7999BBD4E9}.Release|Mixed Platforms.ActiveCfg = Release|Any CPU
		{FF6B22E1-30CA-433E-8877-3A7999BBD4E9}.Release|Mixed Platforms.Build.0 = Release|Any CPU
		{FF6B22E1-30CA-433E-8877-3A7999BBD4E9}.Release|x86.ActiveCfg = Release|Any CPU
	EndGlobalSection
	GlobalSection(SolutionProperties) = preSolution
		HideSolutionNode = FALSE
	EndGlobalSection
EndGlobal
